{
  "name": "codesteer-hermes",
  "version": "0.2.0",
  "lockfileVersion": 3,
  "requires": true,
  "packages": {
    "": {
      "name": "codesteer-hermes",
      "version": "0.2.0",
      "license": "MIT",
      "bin": {
        "codesteer-hermes": "bin/codesteer-hermes.js"
      },
      "engines": {
        "node": ">=18"
      }
    }
  }
}
